
Microsoft Visual Studio Solution File, Format Version 12.00
# Visual Studio Version 16
VisualStudioVersion = 16.0.31424.327
MinimumVisualStudioVersion = 10.0.40219.1
Project("{FAE04EC0-301F-11D3-BF4B-00C04F79EFBC}") = "EfCoreExistingDB", "EfCoreExistingDB\EfCoreExistingDB.csproj", "{7440A99E-9367-4D87-A355-996F117F22D7}"
EndProject
Project("{FAE04EC0-301F-11D3-BF4B-00C04F79EFBC}") = "EFCoreConsole", "EFCoreConsole\EFCoreConsole.csproj", "{09425F0E-0757-4050-B312-6C635097DC06}"
EndProject
Global
	GlobalSection(SolutionConfigurationPlatforms) = preSolution
		Debug|Any CPU = Debug|Any CPU
		Release|Any CPU = Release|Any CPU
	EndGlobalSection
	GlobalSection(ProjectConfigurationPlatforms) = postSolution
		{7440A99E-9367-4D87-A355-996F117F22D7}.Debug|Any CPU.ActiveCfg = Debug|Any CPU
		{7440A99E-9367-4D87-A355-996F117F22D7}.Debug|Any CPU.Build.0 = Debug|Any CPU
		{7440A99E-9367-4D87-A355-996F117F22D7}.Release|Any CPU.ActiveCfg = Release|Any CPU
		{7440A99E-9367-4D87-A355-996F117F22D7}.Release|Any CPU.Build.0 = Release|Any CPU
		{09425F0E-0757-4050-B312-6C635097DC06}.Debug|Any CPU.ActiveCfg = Debug|Any CPU
		{09425F0E-0757-4050-B312-6C635097DC06}.Debug|Any CPU.Build.0 = Debug|Any CPU
		{09425F0E-0757-4050-B312-6C635097DC06}.Release|Any CPU.ActiveCfg = Release|Any CPU
		{09425F0E-0757-4050-B312-6C635097DC06}.Release|Any CPU.Build.0 = Release|Any CPU
	EndGlobalSection
	GlobalSection(SolutionProperties) = preSolution
		HideSolutionNode = FALSE
	EndGlobalSection
	GlobalSection(ExtensibilityGlobals) = postSolution
		SolutionGuid = {ED6A266D-4CC5-4252-98CD-1C3C754D7B4F}
	EndGlobalSection
EndGlobal
